PODS:
  - BrightFutures (4.1.0):
    - Result (~> 2.0)
  - NACommonUtils (1.0.10)
  - NATableView (2.0.0)
  - Result (2.0.0)
  - vfrReader (2.8.6)

DEPENDENCIES:
  - BrightFutures
  - NACommonUtils
  - NATableView
  - vfrReader

SPEC CHECKSUMS:
  BrightFutures: e18b83fd6fa8562ceb9902ee609f0de23b0ee110
  NACommonUtils: 6f32f31eae84e11448b1ab80ad8ed33e0230cff1
  NATableView: 47bd9d49a53b6fdfe29de1f4b7953814b7323bac
  Result: 9e75e1111c774c6ac594e14907b15057053a7959
  vfrReader: 94ea739a545e39093c93802ca1c5b203a5df46b1

PODFILE CHECKSUM: 05b3edd29c95671e6cc8e26b3906366028dfdfa7

COCOAPODS: 1.0.1
